
Microsoft Visual Studio Solution File, Format Version 12.00
# Visual Studio 15
Project("{FAE04EC0-301F-11D3-BF4B-00C04F79EFBC}") = "TPSTesting", "Assembly-CSharp.csproj", "{E6E68FDB-80BD-505B-DB3C-0BCB9B3E5035}"
EndProject
Project("{FAE04EC0-301F-11D3-BF4B-00C04F79EFBC}") = "TPSTesting", "Assembly-CSharp-firstpass.csproj", "{C10B078D-05BC-70AE-F5A2-B2AC9A60443A}"
EndProject
Project("{FAE04EC0-301F-11D3-BF4B-00C04F79EFBC}") = "TPSTesting", "Assembly-CSharp-Editor.csproj", "{44E9B25E-E27F-A1B0-DF25-E9189E754049}"
EndProject
Project("{FAE04EC0-301F-11D3-BF4B-00C04F79EFBC}") = "TPSTesting", "Assembly-CSharp-Editor-firstpass.csproj", "{5699D898-AC63-3F02-C226-F69E1C6A40A3}"
EndProject
Global
	GlobalSection(SolutionConfigurationPlatforms) = preSolution
		Debug|Any CPU = Debug|Any CPU
		Release|Any CPU = Release|Any CPU
	EndGlobalSection
	GlobalSection(ProjectConfigurationPlatforms) = postSolution
		{E6E68FDB-80BD-505B-DB3C-0BCB9B3E5035}.Debug|Any CPU.ActiveCfg = Debug|Any CPU
		{E6E68FDB-80BD-505B-DB3C-0BCB9B3E5035}.Debug|Any CPU.Build.0 = Debug|Any CPU
		{E6E68FDB-80BD-505B-DB3C-0BCB9B3E5035}.Release|Any CPU.ActiveCfg = Release|Any CPU
		{E6E68FDB-80BD-505B-DB3C-0BCB9B3E5035}.Release|Any CPU.Build.0 = Release|Any CPU
		{C10B078D-05BC-70AE-F5A2-B2AC9A60443A}.Debug|Any CPU.ActiveCfg = Debug|Any CPU
		{C10B078D-05BC-70AE-F5A2-B2AC9A60443A}.Debug|Any CPU.Build.0 = Debug|Any CPU
		{C10B078D-05BC-70AE-F5A2-B2AC9A60443A}.Release|Any CPU.ActiveCfg = Release|Any CPU
		{C10B078D-05BC-70AE-F5A2-B2AC9A60443A}.Release|Any CPU.Build.0 = Release|Any CPU
		{44E9B25E-E27F-A1B0-DF25-E9189E754049}.Debug|Any CPU.ActiveCfg = Debug|Any CPU
		{44E9B25E-E27F-A1B0-DF25-E9189E754049}.Debug|Any CPU.Build.0 = Debug|Any CPU
		{44E9B25E-E27F-A1B0-DF25-E9189E754049}.Release|Any CPU.ActiveCfg = Release|Any CPU
		{44E9B25E-E27F-A1B0-DF25-E9189E754049}.Release|Any CPU.Build.0 = Release|Any CPU
		{5699D898-AC63-3F02-C226-F69E1C6A40A3}.Debug|Any CPU.ActiveCfg = Debug|Any CPU
		{5699D898-AC63-3F02-C226-F69E1C6A40A3}.Debug|Any CPU.Build.0 = Debug|Any CPU
		{5699D898-AC63-3F02-C226-F69E1C6A40A3}.Release|Any CPU.ActiveCfg = Release|Any CPU
		{5699D898-AC63-3F02-C226-F69E1C6A40A3}.Release|Any CPU.Build.0 = Release|Any CPU
	EndGlobalSection
	GlobalSection(SolutionProperties) = preSolution
		HideSolutionNode = FALSE
	EndGlobalSection
EndGlobal
