
Microsoft Visual Studio Solution File, Format Version 12.00
# Visual Studio 2017
Project("{FAE04EC0-301F-11D3-BF4B-00C04F79EFBC}") = "tpstesting", "tpstesting.csproj", "{A780E5C9-8D3A-BEAB-C743-4BB868F53282}"
EndProject
Project("{FAE04EC0-301F-11D3-BF4B-00C04F79EFBC}") = "tpstesting.Plugins", "tpstesting.Plugins.csproj", "{4A93813D-202D-5AF0-3FE8-D01AC50C025A}"
EndProject
Project("{FAE04EC0-301F-11D3-BF4B-00C04F79EFBC}") = "tpstesting.Editor.Plugins", "tpstesting.Editor.Plugins.csproj", "{267CE710-17D1-4680-9C82-A223EE399887}"
EndProject
Project("{FAE04EC0-301F-11D3-BF4B-00C04F79EFBC}") = "Unity.PackageManagerUI.Editor", "Unity.PackageManagerUI.Editor.csproj", "{6877705C-FBD9-0C4F-5AFB-6FB431E5D39D}"
EndProject
Project("{FAE04EC0-301F-11D3-BF4B-00C04F79EFBC}") = "tpstesting.Editor", "tpstesting.Editor.csproj", "{C6A62C16-6C4A-383A-1C63-3FCF2AB509AD}"
EndProject
Project("{FAE04EC0-301F-11D3-BF4B-00C04F79EFBC}") = "UnityEditor.StandardEvents", "UnityEditor.StandardEvents.csproj", "{6800202F-4402-D405-F8CB-03DC7BD78B92}"
EndProject
Global
	GlobalSection(SolutionConfigurationPlatforms) = preSolution
		Debug|Any CPU = Debug|Any CPU
		Release|Any CPU = Release|Any CPU
	EndGlobalSection
	GlobalSection(ProjectConfigurationPlatforms) = postSolution
		{A780E5C9-8D3A-BEAB-C743-4BB868F53282}.Debug|Any CPU.ActiveCfg = Debug|Any CPU
		{A780E5C9-8D3A-BEAB-C743-4BB868F53282}.Debug|Any CPU.Build.0 = Debug|Any CPU
		{A780E5C9-8D3A-BEAB-C743-4BB868F53282}.Release|Any CPU.ActiveCfg = Release|Any CPU
		{A780E5C9-8D3A-BEAB-C743-4BB868F53282}.Release|Any CPU.Build.0 = Release|Any CPU
		{4A93813D-202D-5AF0-3FE8-D01AC50C025A}.Debug|Any CPU.ActiveCfg = Debug|Any CPU
		{4A93813D-202D-5AF0-3FE8-D01AC50C025A}.Debug|Any CPU.Build.0 = Debug|Any CPU
		{4A93813D-202D-5AF0-3FE8-D01AC50C025A}.Release|Any CPU.ActiveCfg = Release|Any CPU
		{4A93813D-202D-5AF0-3FE8-D01AC50C025A}.Release|Any CPU.Build.0 = Release|Any CPU
		{267CE710-17D1-4680-9C82-A223EE399887}.Debug|Any CPU.ActiveCfg = Debug|Any CPU
		{267CE710-17D1-4680-9C82-A223EE399887}.Debug|Any CPU.Build.0 = Debug|Any CPU
		{267CE710-17D1-4680-9C82-A223EE399887}.Release|Any CPU.ActiveCfg = Release|Any CPU
		{267CE710-17D1-4680-9C82-A223EE399887}.Release|Any CPU.Build.0 = Release|Any CPU
		{6877705C-FBD9-0C4F-5AFB-6FB431E5D39D}.Debug|Any CPU.ActiveCfg = Debug|Any CPU
		{6877705C-FBD9-0C4F-5AFB-6FB431E5D39D}.Debug|Any CPU.Build.0 = Debug|Any CPU
		{6877705C-FBD9-0C4F-5AFB-6FB431E5D39D}.Release|Any CPU.ActiveCfg = Release|Any CPU
		{6877705C-FBD9-0C4F-5AFB-6FB431E5D39D}.Release|Any CPU.Build.0 = Release|Any CPU
		{C6A62C16-6C4A-383A-1C63-3FCF2AB509AD}.Debug|Any CPU.ActiveCfg = Debug|Any CPU
		{C6A62C16-6C4A-383A-1C63-3FCF2AB509AD}.Debug|Any CPU.Build.0 = Debug|Any CPU
		{C6A62C16-6C4A-383A-1C63-3FCF2AB509AD}.Release|Any CPU.ActiveCfg = Release|Any CPU
		{C6A62C16-6C4A-383A-1C63-3FCF2AB509AD}.Release|Any CPU.Build.0 = Release|Any CPU
		{6800202F-4402-D405-F8CB-03DC7BD78B92}.Debug|Any CPU.ActiveCfg = Debug|Any CPU
		{6800202F-4402-D405-F8CB-03DC7BD78B92}.Debug|Any CPU.Build.0 = Debug|Any CPU
		{6800202F-4402-D405-F8CB-03DC7BD78B92}.Release|Any CPU.ActiveCfg = Release|Any CPU
		{6800202F-4402-D405-F8CB-03DC7BD78B92}.Release|Any CPU.Build.0 = Release|Any CPU
	EndGlobalSection
	GlobalSection(SolutionProperties) = preSolution
		HideSolutionNode = FALSE
	EndGlobalSection
EndGlobal
